
Microsoft Visual Studio Solution File, Format Version 12.00
# Visual Studio Version 17
VisualStudioVersion = 17.6.33829.357
MinimumVisualStudioVersion = 10.0.40219.1
Project("{9A19103F-16F7-4668-BE54-9A1E7A4F7556}") = "WebApp", "WebApp\WebApp.csproj", "{1AA02259-ECAC-4EAD-9896-EC0742A9E281}"
EndProject
Project("{9A19103F-16F7-4668-BE54-9A1E7A4F7556}") = "Data", "DataModels\Data.csproj", "{9E4623A5-3C2E-413E-BE7B-2902B4B5DC46}"
EndProject
Project("{FAE04EC0-301F-11D3-BF4B-00C04F79EFBC}") = "Test", "Test\Test.csproj", "{17F1D945-ED74-46AD-9F08-8571E16D3282}"
EndProject
Global
	GlobalSection(SolutionConfigurationPlatforms) = preSolution
		Debug|Any CPU = Debug|Any CPU
		Release|Any CPU = Release|Any CPU
	EndGlobalSection
	GlobalSection(ProjectConfigurationPlatforms) = postSolution
		{1AA02259-ECAC-4EAD-9896-EC0742A9E281}.Debug|Any CPU.ActiveCfg = Debug|Any CPU
		{1AA02259-ECAC-4EAD-9896-EC0742A9E281}.Debug|Any CPU.Build.0 = Debug|Any CPU
		{1AA02259-ECAC-4EAD-9896-EC0742A9E281}.Release|Any CPU.ActiveCfg = Release|Any CPU
		{1AA02259-ECAC-4EAD-9896-EC0742A9E281}.Release|Any CPU.Build.0 = Release|Any CPU
		{9E4623A5-3C2E-413E-BE7B-2902B4B5DC46}.Debug|Any CPU.ActiveCfg = Debug|Any CPU
		{9E4623A5-3C2E-413E-BE7B-2902B4B5DC46}.Debug|Any CPU.Build.0 = Debug|Any CPU
		{9E4623A5-3C2E-413E-BE7B-2902B4B5DC46}.Release|Any CPU.ActiveCfg = Release|Any CPU
		{9E4623A5-3C2E-413E-BE7B-2902B4B5DC46}.Release|Any CPU.Build.0 = Release|Any CPU
		{17F1D945-ED74-46AD-9F08-8571E16D3282}.Debug|Any CPU.ActiveCfg = Debug|Any CPU
		{17F1D945-ED74-46AD-9F08-8571E16D3282}.Debug|Any CPU.Build.0 = Debug|Any CPU
		{17F1D945-ED74-46AD-9F08-8571E16D3282}.Release|Any CPU.ActiveCfg = Release|Any CPU
		{17F1D945-ED74-46AD-9F08-8571E16D3282}.Release|Any CPU.Build.0 = Release|Any CPU
	EndGlobalSection
	GlobalSection(SolutionProperties) = preSolution
		HideSolutionNode = FALSE
	EndGlobalSection
	GlobalSection(ExtensibilityGlobals) = postSolution
		SolutionGuid = {59B157BF-E208-44DA-B755-5BA87CCC85DB}
	EndGlobalSection
EndGlobal
